
Microsoft Visual Studio Solution File, Format Version 12.00
# Visual Studio Version 16
VisualStudioVersion = 16.0.36422.26
MinimumVisualStudioVersion = 10.0.40219.1
Project("{8BC9CEB8-8B4A-11D0-8D11-00A0C91BC942}") = "NetworkLabs", "NetworkLabs\NetworkLabs.vcxproj", "{83B50AC6-96BF-4789-8194-FB2DF4553FB9}"
EndProject
Project("{8BC9CEB8-8B4A-11D0-8D11-00A0C91BC942}") = "Lab1Client", "Lab1Client\Lab1Client.vcxproj", "{FCF16FE7-F1E4-4EAB-B549-79318BEB9485}"
EndProject
Project("{8BC9CEB8-8B4A-11D0-8D11-00A0C91BC942}") = "Lab2Server", "Lab2Server\Lab2Server.vcxproj", "{730064EF-AD38-4C4F-AE04-EDBA83223A1D}"
EndProject
Project("{8BC9CEB8-8B4A-11D0-8D11-00A0C91BC942}") = "UDPServer", "UDPServer\UDPServer.vcxproj", "{B584187B-1BFB-4038-BB00-EB6AD06748B2}"
EndProject
Project("{8BC9CEB8-8B4A-11D0-8D11-00A0C91BC942}") = "UDPClient", "UDPClient\UDPClient.vcxproj", "{A9CBCB9A-5751-40D1-84FA-07A64AFCC17A}"
EndProject
Project("{8BC9CEB8-8B4A-11D0-8D11-00A0C91BC942}") = "CreateAndCloseSockets", "CreateAndCloseSockets\CreateAndCloseSockets.vcxproj", "{64FE8DA0-15FD-4BDB-BB76-D54ED025857E}"
EndProject
Project("{8BC9CEB8-8B4A-11D0-8D11-00A0C91BC942}") = "TCPSocketClient", "TCPSocketClient\TCPSocketClient.vcxproj", "{526F9379-3805-4710-89ED-D123F6EC71B8}"
EndProject
Project("{8BC9CEB8-8B4A-11D0-8D11-00A0C91BC942}") = "TCPSocketServer", "TCPSocketServer\TCPSocketServer.vcxproj", "{F992EB63-C796-4CA2-AB85-40B7FB07015F}"
EndProject
Global
	GlobalSection(SolutionConfigurationPlatforms) = preSolution
		Debug|x64 = Debug|x64
		Debug|x86 = Debug|x86
		Release|x64 = Release|x64
		Release|x86 = Release|x86
	EndGlobalSection
	GlobalSection(ProjectConfigurationPlatforms) = postSolution
		{83B50AC6-96BF-4789-8194-FB2DF4553FB9}.Debug|x64.ActiveCfg = Debug|x64
		{83B50AC6-96BF-4789-8194-FB2DF4553FB9}.Debug|x64.Build.0 = Debug|x64
		{83B50AC6-96BF-4789-8194-FB2DF4553FB9}.Debug|x86.ActiveCfg = Debug|Win32
		{83B50AC6-96BF-4789-8194-FB2DF4553FB9}.Debug|x86.Build.0 = Debug|Win32
		{83B50AC6-96BF-4789-8194-FB2DF4553FB9}.Release|x64.ActiveCfg = Release|x64
		{83B50AC6-96BF-4789-8194-FB2DF4553FB9}.Release|x64.Build.0 = Release|x64
		{83B50AC6-96BF-4789-8194-FB2DF4553FB9}.Release|x86.ActiveCfg = Release|Win32
		{83B50AC6-96BF-4789-8194-FB2DF4553FB9}.Release|x86.Build.0 = Release|Win32
		{FCF16FE7-F1E4-4EAB-B549-79318BEB9485}.Debug|x64.ActiveCfg = Debug|x64
		{FCF16FE7-F1E4-4EAB-B549-79318BEB9485}.Debug|x64.Build.0 = Debug|x64
		{FCF16FE7-F1E4-4EAB-B549-79318BEB9485}.Debug|x86.ActiveCfg = Debug|Win32
		{FCF16FE7-F1E4-4EAB-B549-79318BEB9485}.Debug|x86.Build.0 = Debug|Win32
		{FCF16FE7-F1E4-4EAB-B549-79318BEB9485}.Release|x64.ActiveCfg = Release|x64
		{FCF16FE7-F1E4-4EAB-B549-79318BEB9485}.Release|x64.Build.0 = Release|x64
		{FCF16FE7-F1E4-4EAB-B549-79318BEB9485}.Release|x86.ActiveCfg = Release|Win32
		{FCF16FE7-F1E4-4EAB-B549-79318BEB9485}.Release|x86.Build.0 = Release|Win32
		{730064EF-AD38-4C4F-AE04-EDBA83223A1D}.Debug|x64.ActiveCfg = Debug|x64
		{730064EF-AD38-4C4F-AE04-EDBA83223A1D}.Debug|x64.Build.0 = Debug|x64
		{730064EF-AD38-4C4F-AE04-EDBA83223A1D}.Debug|x86.ActiveCfg = Debug|Win32
		{730064EF-AD38-4C4F-AE04-EDBA83223A1D}.Debug|x86.Build.0 = Debug|Win32
		{730064EF-AD38-4C4F-AE04-EDBA83223A1D}.Release|x64.ActiveCfg = Release|x64
		{730064EF-AD38-4C4F-AE04-EDBA83223A1D}.Release|x64.Build.0 = Release|x64
		{730064EF-AD38-4C4F-AE04-EDBA83223A1D}.Release|x86.ActiveCfg = Release|Win32
		{730064EF-AD38-4C4F-AE04-EDBA83223A1D}.Release|x86.Build.0 = Release|Win32
		{B584187B-1BFB-4038-BB00-EB6AD06748B2}.Debug|x64.ActiveCfg = Debug|x64
		{B584187B-1BFB-4038-BB00-EB6AD06748B2}.Debug|x64.Build.0 = Debug|x64
		{B584187B-1BFB-4038-BB00-EB6AD06748B2}.Debug|x86.ActiveCfg = Debug|Win32
		{B584187B-1BFB-4038-BB00-EB6AD06748B2}.Debug|x86.Build.0 = Debug|Win32
		{B584187B-1BFB-4038-BB00-EB6AD06748B2}.Release|x64.ActiveCfg = Release|x64
		{B584187B-1BFB-4038-BB00-EB6AD06748B2}.Release|x64.Build.0 = Release|x64
		{B584187B-1BFB-4038-BB00-EB6AD06748B2}.Release|x86.ActiveCfg = Release|Win32
		{B584187B-1BFB-4038-BB00-EB6AD06748B2}.Release|x86.Build.0 = Release|Win32
		{A9CBCB9A-5751-40D1-84FA-07A64AFCC17A}.Debug|x64.ActiveCfg = Debug|x64
		{A9CBCB9A-5751-40D1-84FA-07A64AFCC17A}.Debug|x64.Build.0 = Debug|x64
		{A9CBCB9A-5751-40D1-84FA-07A64AFCC17A}.Debug|x86.ActiveCfg = Debug|Win32
		{A9CBCB9A-5751-40D1-84FA-07A64AFCC17A}.Debug|x86.Build.0 = Debug|Win32
		{A9CBCB9A-5751-40D1-84FA-07A64AFCC17A}.Release|x64.ActiveCfg = Release|x64
		{A9CBCB9A-5751-40D1-84FA-07A64AFCC17A}.Release|x64.Build.0 = Release|x64
		{A9CBCB9A-5751-40D1-84FA-07A64AFCC17A}.Release|x86.ActiveCfg = Release|Win32
		{A9CBCB9A-5751-40D1-84FA-07A64AFCC17A}.Release|x86.Build.0 = Release|Win32
		{64FE8DA0-15FD-4BDB-BB76-D54ED025857E}.Debug|x64.ActiveCfg = Debug|x64
		{64FE8DA0-15FD-4BDB-BB76-D54ED025857E}.Debug|x64.Build.0 = Debug|x64
		{64FE8DA0-15FD-4BDB-BB76-D54ED025857E}.Debug|x86.ActiveCfg = Debug|Win32
		{64FE8DA0-15FD-4BDB-BB76-D54ED025857E}.Debug|x86.Build.0 = Debug|Win32
		{64FE8DA0-15FD-4BDB-BB76-D54ED025857E}.Release|x64.ActiveCfg = Release|x64
		{64FE8DA0-15FD-4BDB-BB76-D54ED025857E}.Release|x64.Build.0 = Release|x64
		{64FE8DA0-15FD-4BDB-BB76-D54ED025857E}.Release|x86.ActiveCfg = Release|Win32
		{64FE8DA0-15FD-4BDB-BB76-D54ED025857E}.Release|x86.Build.0 = Release|Win32
		{526F9379-3805-4710-89ED-D123F6EC71B8}.Debug|x64.ActiveCfg = Debug|x64
		{526F9379-3805-4710-89ED-D123F6EC71B8}.Debug|x64.Build.0 = Debug|x64
		{526F9379-3805-4710-89ED-D123F6EC71B8}.Debug|x86.ActiveCfg = Debug|Win32
		{526F9379-3805-4710-89ED-D123F6EC71B8}.Debug|x86.Build.0 = Debug|Win32
		{526F9379-3805-4710-89ED-D123F6EC71B8}.Release|x64.ActiveCfg = Release|x64
		{526F9379-3805-4710-89ED-D123F6EC71B8}.Release|x64.Build.0 = Release|x64
		{526F9379-3805-4710-89ED-D123F6EC71B8}.Release|x86.ActiveCfg = Release|Win32
		{526F9379-3805-4710-89ED-D123F6EC71B8}.Release|x86.Build.0 = Release|Win32
		{F992EB63-C796-4CA2-AB85-40B7FB07015F}.Debug|x64.ActiveCfg = Debug|x64
		{F992EB63-C796-4CA2-AB85-40B7FB07015F}.Debug|x64.Build.0 = Debug|x64
		{F992EB63-C796-4CA2-AB85-40B7FB07015F}.Debug|x86.ActiveCfg = Debug|Win32
		{F992EB63-C796-4CA2-AB85-40B7FB07015F}.Debug|x86.Build.0 = Debug|Win32
		{F992EB63-C796-4CA2-AB85-40B7FB07015F}.Release|x64.ActiveCfg = Release|x64
		{F992EB63-C796-4CA2-AB85-40B7FB07015F}.Release|x64.Build.0 = Release|x64
		{F992EB63-C796-4CA2-AB85-40B7FB07015F}.Release|x86.ActiveCfg = Release|Win32
		{F992EB63-C796-4CA2-AB85-40B7FB07015F}.Release|x86.Build.0 = Release|Win32
	EndGlobalSection
	GlobalSection(SolutionProperties) = preSolution
		HideSolutionNode = FALSE
	EndGlobalSection
	GlobalSection(ExtensibilityGlobals) = postSolution
		SolutionGuid = {B33735E5-A6F2-4E9B-9D80-ED8BE10EA094}
	EndGlobalSection
EndGlobal
